
Microsoft Visual Studio Solution File, Format Version 12.00
# Visual Studio Version 17
VisualStudioVersion = 17.0.32014.148
MinimumVisualStudioVersion = 10.0.40219.1
Project("{FAE04EC0-301F-11D3-BF4B-00C04F79EFBC}") = "MinimalAPIDemo", "MinimalAPIDemo\MinimalAPIDemo.csproj", "{BFBC8009-750F-4888-B9EC-F1D0943FCC34}"
EndProject
Project("{00D1A9C2-B5F0-4AF3-8072-F6C62B433612}") = "UserDB", "UserDB\UserDB.sqlproj", "{553052F4-3CA1-4E49-AE2C-1057743B8D1D}"
EndProject
Project("{FAE04EC0-301F-11D3-BF4B-00C04F79EFBC}") = "DataAccess", "DataAccess\DataAccess.csproj", "{6196F4C8-8195-4991-B601-C9F0D576E079}"
EndProject
Project("{2150E333-8FDC-42A3-9474-1A3956D46DE8}") = "Solution Items", "Solution Items", "{D2020DEC-D871-4D7F-B4EF-F709D42DD5EC}"
	ProjectSection(SolutionItems) = preProject
		.editorconfig = .editorconfig
	EndProjectSection
EndProject
Global
	GlobalSection(SolutionConfigurationPlatforms) = preSolution
		Debug|Any CPU = Debug|Any CPU
		Release|Any CPU = Release|Any CPU
	EndGlobalSection
	GlobalSection(ProjectConfigurationPlatforms) = postSolution
		{BFBC8009-750F-4888-B9EC-F1D0943FCC34}.Debug|Any CPU.ActiveCfg = Debug|Any CPU
		{BFBC8009-750F-4888-B9EC-F1D0943FCC34}.Debug|Any CPU.Build.0 = Debug|Any CPU
		{BFBC8009-750F-4888-B9EC-F1D0943FCC34}.Release|Any CPU.ActiveCfg = Release|Any CPU
		{BFBC8009-750F-4888-B9EC-F1D0943FCC34}.Release|Any CPU.Build.0 = Release|Any CPU
		{553052F4-3CA1-4E49-AE2C-1057743B8D1D}.Debug|Any CPU.ActiveCfg = Debug|Any CPU
		{553052F4-3CA1-4E49-AE2C-1057743B8D1D}.Debug|Any CPU.Build.0 = Debug|Any CPU
		{553052F4-3CA1-4E49-AE2C-1057743B8D1D}.Debug|Any CPU.Deploy.0 = Debug|Any CPU
		{553052F4-3CA1-4E49-AE2C-1057743B8D1D}.Release|Any CPU.ActiveCfg = Release|Any CPU
		{553052F4-3CA1-4E49-AE2C-1057743B8D1D}.Release|Any CPU.Build.0 = Release|Any CPU
		{553052F4-3CA1-4E49-AE2C-1057743B8D1D}.Release|Any CPU.Deploy.0 = Release|Any CPU
		{6196F4C8-8195-4991-B601-C9F0D576E079}.Debug|Any CPU.ActiveCfg = Debug|Any CPU
		{6196F4C8-8195-4991-B601-C9F0D576E079}.Debug|Any CPU.Build.0 = Debug|Any CPU
		{6196F4C8-8195-4991-B601-C9F0D576E079}.Release|Any CPU.ActiveCfg = Release|Any CPU
		{6196F4C8-8195-4991-B601-C9F0D576E079}.Release|Any CPU.Build.0 = Release|Any CPU
	EndGlobalSection
	GlobalSection(SolutionProperties) = preSolution
		HideSolutionNode = FALSE
	EndGlobalSection
	GlobalSection(ExtensibilityGlobals) = postSolution
		SolutionGuid = {96BE26BF-2D08-45F3-860D-301AE98AFA91}
	EndGlobalSection
EndGlobal
